// !$*UTF8*$!
{
	archiveVersion = 1;
	classes = {
	};
	objectVersion = 46;
	objects = {

/* Begin PBXBuildFile section */
		8AC94BE01DB7A34700A6E0BF /* AppDelegate.swift in Sources */ = {isa = PBXBuildFile; fileRef = 8AC94BDF1DB7A34700A6E0BF /* AppDelegate.swift */; };
		8AC94BE21DB7A34700A6E0BF /* ViewController.swift in Sources */ = {isa = PBXBuildFile; fileRef = 8AC94BE11DB7A34700A6E0BF /* ViewController.swift */; };
		8AC94BE51DB7A34700A6E0BF /* Main.storyboard in Resources */ = {isa = PBXBuildFile; fileRef = 8AC94BE31DB7A34700A6E0BF /* Main.storyboard */; };
		8AC94BE71DB7A34700A6E0BF /* Assets.xcassets in Resources */ = {isa = PBXBuildFile; fileRef = 8AC94BE61DB7A34700A6E0BF /* Assets.xcassets */; };
		8AC94BEA1DB7A34700A6E0BF /* LaunchScreen.storyboard in Resources */ = {isa = PBXBuildFile; fileRef = 8AC94BE81DB7A34700A6E0BF /* LaunchScreen.storyboard */; };
		8AC94BF51DB7A34700A6E0BF /* FIXIEDRONE2Tests.swift in Sources */ = {isa = PBXBuildFile; fileRef = 8AC94BF41DB7A34700A6E0BF /* FIXIEDRONE2Tests.swift */; };
		8AC94C001DB7A34700A6E0BF /* FIXIEDRONE2UITests.swift in Sources */ = {isa = PBXBuildFile; fileRef = 8AC94BFF1DB7A34700A6E0BF /* FIXIEDRONE2UITests.swift */; };
/* End PBXBuildFile section */

/* Begin PBXContainerItemProxy section */
		8AC94BF11DB7A34700A6E0BF /* PBXContainerItemProxy */ = {
			isa = PBXContainerItemProxy;
			containerPortal = 8AC94BD41DB7A34700A6E0BF /* Project object */;
			proxyType = 1;
			remoteGlobalIDString = 8AC94BDB1DB7A34700A6E0BF;
			remoteInfo = FIXIEDRONE2;
		};
		8AC94BFC1DB7A34700A6E0BF /* PBXContainerItemProxy */ = {
			isa = PBXContainerItemProxy;
			containerPortal = 8AC94BD41DB7A34700A6E0BF /* Project object */;
			proxyType = 1;
			remoteGlobalIDString = 8AC94BDB1DB7A34700A6E0BF;
			remoteInfo = FIXIEDRONE2;
		};
/* End PBXContainerItemProxy section */

/* Begin PBXFileReference section */
		8AC94BDC1DB7A34700A6E0BF /* FIXIEDRONE2.app */ = {isa = PBXFileReference; explicitFileType = wrapper.application; includeInIndex = 0; path = FIXIEDRONE2.app; sourceTree = BUILT_PRODUCTS_DIR; };
		8AC94BDF1DB7A34700A6E0BF /* AppDelegate.swift */ = {isa = PBXFileReference; lastKnownFileType = sourcecode.swift; path = AppDelegate.swift; sourceTree = "<group>"; };
		8AC94BE11DB7A34700A6E0BF /* ViewController.swift */ = {isa = PBXFileReference; lastKnownFileType = sourcecode.swift; path = ViewController.swift; sourceTree = "<group>"; };
		8AC94BE41DB7A34700A6E0BF /* Base */ = {isa = PBXFileReference; lastKnownFileType = file.storyboard; name = Base; path = Base.lproj/Main.storyboard; sourceTree = "<group>"; };
		8AC94BE61DB7A34700A6E0BF /* Assets.xcassets */ = {isa = PBXFileReference; lastKnownFileType = folder.assetcatalog; path = Assets.xcassets; sourceTree = "<group>"; };
		8AC94BE91DB7A34700A6E0BF /* Base */ = {isa = PBXFileReference; lastKnownFileType = file.storyboard; name = Base; path = Base.lproj/LaunchScreen.storyboard; sourceTree = "<group>"; };
		8AC94BEB1DB7A34700A6E0BF /* Info.plist */ = {isa = PBXFileReference; lastKnownFileType = text.plist.xml; path = Info.plist; sourceTree = "<group>"; };
		8AC94BF01DB7A34700A6E0BF /* FIXIEDRONE2Tests.xctest */ = {isa = PBXFileReference; explicitFileType = wrapper.cfbundle; includeInIndex = 0; path = FIXIEDRONE2Tests.xctest; sourceTree = BUILT_PRODUCTS_DIR; };
		8AC94BF41DB7A34700A6E0BF /* FIXIEDRONE2Tests.swift */ = {isa = PBXFileReference; lastKnownFileType = sourcecode.swift; path = FIXIEDRONE2Tests.swift; sourceTree = "<group>"; };
		8AC94BF61DB7A34700A6E0BF /* Info.plist */ = {isa = PBXFileReference; lastKnownFileType = text.plist.xml; path = Info.plist; sourceTree = "<group>"; };
		8AC94BFB1DB7A34700A6E0BF /* FIXIEDRONE2UITests.xctest */ = {isa = PBXFileReference; explicitFileType = wrapper.cfbundle; includeInIndex = 0; path = FIXIEDRONE2UITests.xctest; sourceTree = BUILT_PRODUCTS_DIR; };
		8AC94BFF1DB7A34700A6E0BF /* FIXIEDRONE2UITests.swift */ = {isa = PBXFileReference; lastKnownFileType = sourcecode.swift; path = FIXIEDRONE2UITests.swift; sourceTree = "<group>"; };
		8AC94C011DB7A34700A6E0BF /* Info.plist */ = {isa = PBXFileReference; lastKnownFileType = text.plist.xml; path = Info.plist; sourceTree = "<group>"; };
/* End PBXFileReference section */

/* Begin PBXFrameworksBuildPhase section */
		8AC94BD91DB7A34700A6E0BF /* Frameworks */ = {
			isa = PBXFrameworksBuildPhase;
			buildActionMask = 2147483647;
			files = (
			);
			runOnlyForDeploymentPostprocessing = 0;
		};
		8AC94BED1DB7A34700A6E0BF /* Frameworks */ = {
			isa = PBXFrameworksBuildPhase;
			buildActionMask = 2147483647;
			files = (
			);
			runOnlyForDeploymentPostprocessing = 0;
		};
		8AC94BF81DB7A34700A6E0BF /* Frameworks */ = {
			isa = PBXFrameworksBuildPhase;
			buildActionMask = 2147483647;
			files = (
			);
			runOnlyForDeploymentPostprocessing = 0;
		};
/* End PBXFrameworksBuildPhase section */

/* Begin PBXGroup section */
		8AC94BD31DB7A34700A6E0BF = {
			isa = PBXGroup;
			children = (
				8AC94BDE1DB7A34700A6E0BF /* FIXIEDRONE2 */,
				8AC94BF31DB7A34700A6E0BF /* FIXIEDRONE2Tests */,
				8AC94BFE1DB7A34700A6E0BF /* FIXIEDRONE2UITests */,
				8AC94BDD1DB7A34700A6E0BF /* Products */,
			);
			sourceTree = "<group>";
		};
		8AC94BDD1DB7A34700A6E0BF /* Products */ = {
			isa = PBXGroup;
			children = (
				8AC94BDC1DB7A34700A6E0BF /* FIXIEDRONE2.app */,
				8AC94BF01DB7A34700A6E0BF /* FIXIEDRONE2Tests.xctest */,
				8AC94BFB1DB7A34700A6E0BF /* FIXIEDRONE2UITests.xctest */,
			);
			name = Products;
			sourceTree = "<group>";
		};
		8AC94BDE1DB7A34700A6E0BF /* FIXIEDRONE2 */ = {
			isa = PBXGroup;
			children = (
				8AC94BDF1DB7A34700A6E0BF /* AppDelegate.swift */,
				8AC94BE11DB7A34700A6E0BF /* ViewController.swift */,
				8AC94BE31DB7A34700A6E0BF /* Main.storyboard */,
				8AC94BE61DB7A34700A6E0BF /* Assets.xcassets */,
				8AC94BE81DB7A34700A6E0BF /* LaunchScreen.storyboard */,
				8AC94BEB1DB7A34700A6E0BF /* Info.plist */,
			);
			path = FIXIEDRONE2;
			sourceTree = "<group>";
		};
		8AC94BF31DB7A34700A6E0BF /* FIXIEDRONE2Tests */ = {
			isa = PBXGroup;
			children = (
				8AC94BF41DB7A34700A6E0BF /* FIXIEDRONE2Tests.swift */,
				8AC94BF61DB7A34700A6E0BF /* Info.plist */,
			);
			path = FIXIEDRONE2Tests;
			sourceTree = "<group>";
		};
		8AC94BFE1DB7A34700A6E0BF /* FIXIEDRONE2UITests */ = {
			isa = PBXGroup;
			children = (
				8AC94BFF1DB7A34700A6E0BF /* FIXIEDRONE2UITests.swift */,
				8AC94C011DB7A34700A6E0BF /* Info.plist */,
			);
			path = FIXIEDRONE2UITests;
			sourceTree = "<group>";
		};
/* End PBXGroup section */

/* Begin PBXNativeTarget section */
		8AC94BDB1DB7A34700A6E0BF /* FIXIEDRONE2 */ = {
			isa = PBXNativeTarget;
			buildConfigurationList = 8AC94C041DB7A34700A6E0BF /* Build configuration list for PBXNativeTarget "FIXIEDRONE2" */;
			buildPhases = (
				8AC94BD81DB7A34700A6E0BF /* Sources */,
				8AC94BD91DB7A34700A6E0BF /* Frameworks */,
				8AC94BDA1DB7A34700A6E0BF /* Resources */,
			);
			buildRules = (
			);
			dependencies = (
			);
			name = FIXIEDRONE2;
			productName = FIXIEDRONE2;
			productReference = 8AC94BDC1DB7A34700A6E0BF /* FIXIEDRONE2.app */;
			productType = "com.apple.product-type.application";
		};
		8AC94BEF1DB7A34700A6E0BF /* FIXIEDRONE2Tests */ = {
			isa = PBXNativeTarget;
			buildConfigurationList = 8AC94C071DB7A34700A6E0BF /* Build configuration list for PBXNativeTarget "FIXIEDRONE2Tests" */;
			buildPhases = (
				8AC94BEC1DB7A34700A6E0BF /* Sources */,
				8AC94BED1DB7A34700A6E0BF /* Frameworks */,
				8AC94BEE1DB7A34700A6E0BF /* Resources */,
			);
			buildRules = (
			);
			dependencies = (
				8AC94BF21DB7A34700A6E0BF /* PBXTargetDependency */,
			);
			name = FIXIEDRONE2Tests;
			productName = FIXIEDRONE2Tests;
			productReference = 8AC94BF01DB7A34700A6E0BF /* FIXIEDRONE2Tests.xctest */;
			productType = "com.apple.product-type.bundle.unit-test";
		};
		8AC94BFA1DB7A34700A6E0BF /* FIXIEDRONE2UITests */ = {
			isa = PBXNativeTarget;
			buildConfigurationList = 8AC94C0A1DB7A34700A6E0BF /* Build configuration list for PBXNativeTarget "FIXIEDRONE2UITests" */;
			buildPhases = (
				8AC94BF71DB7A34700A6E0BF /* Sources */,
				8AC94BF81DB7A34700A6E0BF /* Frameworks */,
				8AC94BF91DB7A34700A6E0BF /* Resources */,
			);
			buildRules = (
			);
			dependencies = (
				8AC94BFD1DB7A34700A6E0BF /* PBXTargetDependency */,
			);
			name = FIXIEDRONE2UITests;
			productName = FIXIEDRONE2UITests;
			productReference = 8AC94BFB1DB7A34700A6E0BF /* FIXIEDRONE2UITests.xctest */;
			productType = "com.apple.product-type.bundle.ui-testing";
		};
/* End PBXNativeTarget section */

/* Begin PBXProject section */
		8AC94BD41DB7A34700A6E0BF /* Project object */ = {
			isa = PBXProject;
			attributes = {
				LastSwiftUpdateCheck = 0800;
				LastUpgradeCheck = 0800;
				ORGANIZATIONNAME = KMITL;
				TargetAttributes = {
					8AC94BDB1DB7A34700A6E0BF = {
						CreatedOnToolsVersion = 8.0;
						ProvisioningStyle = Automatic;
					};
					8AC94BEF1DB7A34700A6E0BF = {
						CreatedOnToolsVersion = 8.0;
						ProvisioningStyle = Automatic;
						TestTargetID = 8AC94BDB1DB7A34700A6E0BF;
					};
					8AC94BFA1DB7A34700A6E0BF = {
						CreatedOnToolsVersion = 8.0;
						ProvisioningStyle = Automatic;
						TestTargetID = 8AC94BDB1DB7A34700A6E0BF;
					};
				};
			};
			buildConfigurationList = 8AC94BD71DB7A34700A6E0BF /* Build configuration list for PBXProject "FIXIEDRONE2" */;
			compatibilityVersion = "Xcode 3.2";
			developmentRegion = English;
			hasScannedForEncodings = 0;
			knownRegions = (
				en,
				Base,
			);
			mainGroup = 8AC94BD31DB7A34700A6E0BF;
			productRefGroup = 8AC94BDD1DB7A34700A6E0BF /* Products */;
			projectDirPath = "";
			projectRoot = "";
			targets = (
				8AC94BDB1DB7A34700A6E0BF /* FIXIEDRONE2 */,
				8AC94BEF1DB7A34700A6E0BF /* FIXIEDRONE2Tests */,
				8AC94BFA1DB7A34700A6E0BF /* FIXIEDRONE2UITests */,
			);
		};
/* End PBXProject section */

/* Begin PBXResourcesBuildPhase section */
		8AC94BDA1DB7A34700A6E0BF /* Resources */ = {
			isa = PBXResourcesBuildPhase;
			buildActionMask = 2147483647;
			files = (
				8AC94BEA1DB7A34700A6E0BF /* LaunchScreen.storyboard in Resources */,
				8AC94BE71DB7A34700A6E0BF /* Assets.xcassets in Resources */,
				8AC94BE51DB7A34700A6E0BF /* Main.storyboard in Resources */,
			);
			runOnlyForDeploymentPostprocessing = 0;
		};
		8AC94BEE1DB7A34700A6E0BF /* Resources */ = {
			isa = PBXResourcesBuildPhase;
			buildActionMask = 2147483647;
			files = (
			);
			runOnlyForDeploymentPostprocessing = 0;
		};
		8AC94BF91DB7A34700A6E0BF /* Resources */ = {
			isa = PBXResourcesBuildPhase;
			buildActionMask = 2147483647;
			files = (
			);
			runOnlyForDeploymentPostprocessing = 0;
		};
/* End PBXResourcesBuildPhase section */

/* Begin PBXSourcesBuildPhase section */
		8AC94BD81DB7A34700A6E0BF /* Sources */ = {
			isa = PBXSourcesBuildPhase;
			buildActionMask = 2147483647;
			files = (
				8AC94BE21DB7A34700A6E0BF /* ViewController.swift in Sources */,
				8AC94BE01DB7A34700A6E0BF /* AppDelegate.swift in Sources */,
			);
			runOnlyForDeploymentPostprocessing = 0;
		};
		8AC94BEC1DB7A34700A6E0BF /* Sources */ = {
			isa = PBXSourcesBuildPhase;
			buildActionMask = 2147483647;
			files = (
				8AC94BF51DB7A34700A6E0BF /* FIXIEDRONE2Tests.swift in Sources */,
			);
			runOnlyForDeploymentPostprocessing = 0;
		};
		8AC94BF71DB7A34700A6E0BF /* Sources */ = {
			isa = PBXSourcesBuildPhase;
			buildActionMask = 2147483647;
			files = (
				8AC94C001DB7A34700A6E0BF /* FIXIEDRONE2UITests.swift in Sources */,
			);
			runOnlyForDeploymentPostprocessing = 0;
		};
/* End PBXSourcesBuildPhase section */

/* Begin PBXTargetDependency section */
		8AC94BF21DB7A34700A6E0BF /* PBXTargetDependency */ = {
			isa = PBXTargetDependency;
			target = 8AC94BDB1DB7A34700A6E0BF /* FIXIEDRONE2 */;
			targetProxy = 8AC94BF11DB7A34700A6E0BF /* PBXContainerItemProxy */;
		};
		8AC94BFD1DB7A34700A6E0BF /* PBXTargetDependency */ = {
			isa = PBXTargetDependency;
			target = 8AC94BDB1DB7A34700A6E0BF /* FIXIEDRONE2 */;
			targetProxy = 8AC94BFC1DB7A34700A6E0BF /* PBXContainerItemProxy */;
		};
/* End PBXTargetDependency section */

/* Begin PBXVariantGroup section */
		8AC94BE31DB7A34700A6E0BF /* Main.storyboard */ = {
			isa = PBXVariantGroup;
			children = (
				8AC94BE41DB7A34700A6E0BF /* Base */,
			);
			name = Main.storyboard;
			sourceTree = "<group>";
		};
		8AC94BE81DB7A34700A6E0BF /* LaunchScreen.storyboard */ = {
			isa = PBXVariantGroup;
			children = (
				8AC94BE91DB7A34700A6E0BF /* Base */,
			);
			name = LaunchScreen.storyboard;
			sourceTree = "<group>";
		};
/* End PBXVariantGroup section */

/* Begin XCBuildConfiguration section */
		8AC94C021DB7A34700A6E0BF /* Debug */ = {
			isa = XCBuildConfiguration;
			buildSettings = {
				ALWAYS_SEARCH_USER_PATHS = NO;
				CLANG_ANALYZER_NONNULL = YES;
				CLANG_CXX_LANGUAGE_STANDARD = "gnu++0x";
				CLANG_CXX_LIBRARY = "libc++";
				CLANG_ENABLE_MODULES = YES;
				CLANG_ENABLE_OBJC_ARC = YES;
				CLANG_WARN_BOOL_CONVERSION = YES;
				CLANG_WARN_CONSTANT_CONVERSION = YES;
				CLANG_WARN_DIRECT_OBJC_ISA_USAGE = YES_ERROR;
				CLANG_WARN_DOCUMENTATION_COMMENTS = YES;
				CLANG_WARN_EMPTY_BODY = YES;
				CLANG_WARN_ENUM_CONVERSION = YES;
				CLANG_WARN_INFINITE_RECURSION = YES;
				CLANG_WARN_INT_CONVERSION = YES;
				CLANG_WARN_OBJC_ROOT_CLASS = YES_ERROR;
				CLANG_WARN_SUSPICIOUS_MOVES = YES;
				CLANG_WARN_UNREACHABLE_CODE = YES;
				CLANG_WARN__DUPLICATE_METHOD_MATCH = YES;
				"CODE_SIGN_IDENTITY[sdk=iphoneos*]" = "iPhone Developer";
				COPY_PHASE_STRIP = NO;
				DEBUG_INFORMATION_FORMAT = dwarf;
				ENABLE_STRICT_OBJC_MSGSEND = YES;
				ENABLE_TESTABILITY = YES;
				GCC_C_LANGUAGE_STANDARD = gnu99;
				GCC_DYNAMIC_NO_PIC = NO;
				GCC_NO_COMMON_BLOCKS = YES;
				GCC_OPTIMIZATION_LEVEL = 0;
				GCC_PREPROCESSOR_DEFINITIONS = (
					"DEBUG=1",
					"$(inherited)",
				);
				GCC_WARN_64_TO_32_BIT_CONVERSION = YES;
				GCC_WARN_ABOUT_RETURN_TYPE = YES_ERROR;
				GCC_WARN_UNDECLARED_SELECTOR = YES;
				GCC_WARN_UNINITIALIZED_AUTOS = YES_AGGRESSIVE;
				GCC_WARN_UNUSED_FUNCTION = YES;
				GCC_WARN_UNUSED_VARIABLE = YES;
				IPHONEOS_DEPLOYMENT_TARGET = 10.0;
				MTL_ENABLE_DEBUG_INFO = YES;
				ONLY_ACTIVE_ARCH = YES;
				SDKROOT = iphoneos;
				SWIFT_ACTIVE_COMPILATION_CONDITIONS = DEBUG;
				SWIFT_OPTIMIZATION_LEVEL = "-Onone";
			};
			name = Debug;
		};
		8AC94C031DB7A34700A6E0BF /* Release */ = {
			isa = XCBuildConfiguration;
			buildSettings = {
				ALWAYS_SEARCH_USER_PATHS = NO;
				CLANG_ANALYZER_NONNULL = YES;
				CLANG_CXX_LANGUAGE_STANDARD = "gnu++0x";
				CLANG_CXX_LIBRARY = "libc++";
				CLANG_ENABLE_MODULES = YES;
				CLANG_ENABLE_OBJC_ARC = YES;
				CLANG_WARN_BOOL_CONVERSION = YES;
				CLANG_WARN_CONSTANT_CONVERSION = YES;
				CLANG_WARN_DIRECT_OBJC_ISA_USAGE = YES_ERROR;
				CLANG_WARN_DOCUMENTATION_COMMENTS = YES;
				CLANG_WARN_EMPTY_BODY = YES;
				CLANG_WARN_ENUM_CONVERSION = YES;
				CLANG_WARN_INFINITE_RECURSION = YES;
				CLANG_WARN_INT_CONVERSION = YES;
				CLANG_WARN_OBJC_ROOT_CLASS = YES_ERROR;
				CLANG_WARN_SUSPICIOUS_MOVES = YES;
				CLANG_WARN_UNREACHABLE_CODE = YES;
				CLANG_WARN__DUPLICATE_METHOD_MATCH = YES;
				"CODE_SIGN_IDENTITY[sdk=iphoneos*]" = "iPhone Developer";
				COPY_PHASE_STRIP = NO;
				DEBUG_INFORMATION_FORMAT = "dwarf-with-dsym";
				ENABLE_NS_ASSERTIONS = NO;
				ENABLE_STRICT_OBJC_MSGSEND = YES;
				GCC_C_LANGUAGE_STANDARD = gnu99;
				GCC_NO_COMMON_BLOCKS = YES;
				GCC_WARN_64_TO_32_BIT_CONVERSION = YES;
				GCC_WARN_ABOUT_RETURN_TYPE = YES_ERROR;
				GCC_WARN_UNDECLARED_SELECTOR = YES;
				GCC_WARN_UNINITIALIZED_AUTOS = YES_AGGRESSIVE;
				GCC_WARN_UNUSED_FUNCTION = YES;
				GCC_WARN_UNUSED_VARIABLE = YES;
				IPHONEOS_DEPLOYMENT_TARGET = 10.0;
				MTL_ENABLE_DEBUG_INFO = NO;
				SDKROOT = iphoneos;
				SWIFT_OPTIMIZATION_LEVEL = "-Owholemodule";
				VALIDATE_PRODUCT = YES;
			};
			name = Release;
		};
		8AC94C051DB7A34700A6E0BF /* Debug */ = {
			isa = XCBuildConfiguration;
			buildSettings = {
				ASSETCATALOG_COMPILER_APPICON_NAME = AppIcon;
				INFOPLIST_FILE = FIXIEDRONE2/Info.plist;
				LD_RUNPATH_SEARCH_PATHS = "$(inherited) @executable_path/Frameworks";
				PRODUCT_BUNDLE_IDENTIFIER = CIE.FIXIEDRONE2;
				PRODUCT_NAME = "$(TARGET_NAME)";
				SWIFT_VERSION = 3.0;
			};
			name = Debug;
		};
		8AC94C061DB7A34700A6E0BF /* Release */ = {
			isa = XCBuildConfiguration;
			buildSettings = {
				ASSETCATALOG_COMPILER_APPICON_NAME = AppIcon;
				INFOPLIST_FILE = FIXIEDRONE2/Info.plist;
				LD_RUNPATH_SEARCH_PATHS = "$(inherited) @executable_path/Frameworks";
				PRODUCT_BUNDLE_IDENTIFIER = CIE.FIXIEDRONE2;
				PRODUCT_NAME = "$(TARGET_NAME)";
				SWIFT_VERSION = 3.0;
			};
			name = Release;
		};
		8AC94C081DB7A34700A6E0BF /* Debug */ = {
			isa = XCBuildConfiguration;
			buildSettings = {
				ALWAYS_EMBED_SWIFT_STANDARD_LIBRARIES = YES;
				BUNDLE_LOADER = "$(TEST_HOST)";
				INFOPLIST_FILE = FIXIEDRONE2Tests/Info.plist;
				LD_RUNPATH_SEARCH_PATHS = "$(inherited) @executable_path/Frameworks @loader_path/Frameworks";
				PRODUCT_BUNDLE_IDENTIFIER = CIE.FIXIEDRONE2Tests;
				PRODUCT_NAME = "$(TARGET_NAME)";
				SWIFT_VERSION = 3.0;
				TEST_HOST = "$(BUILT_PRODUCTS_DIR)/FIXIEDRONE2.app/FIXIEDRONE2";
			};
			name = Debug;
		};
		8AC94C091DB7A34700A6E0BF /* Release */ = {
			isa = XCBuildConfiguration;
			buildSettings = {
				ALWAYS_EMBED_SWIFT_STANDARD_LIBRARIES = YES;
				BUNDLE_LOADER = "$(TEST_HOST)";
				INFOPLIST_FILE = FIXIEDRONE2Tests/Info.plist;
				LD_RUNPATH_SEARCH_PATHS = "$(inherited) @executable_path/Frameworks @loader_path/Frameworks";
				PRODUCT_BUNDLE_IDENTIFIER = CIE.FIXIEDRONE2Tests;
				PRODUCT_NAME = "$(TARGET_NAME)";
				SWIFT_VERSION = 3.0;
				TEST_HOST = "$(BUILT_PRODUCTS_DIR)/FIXIEDRONE2.app/FIXIEDRONE2";
			};
			name = Release;
		};
		8AC94C0B1DB7A34700A6E0BF /* Debug */ = {
			isa = XCBuildConfiguration;
			buildSettings = {
				ALWAYS_EMBED_SWIFT_STANDARD_LIBRARIES = YES;
				INFOPLIST_FILE = FIXIEDRONE2UITests/Info.plist;
				LD_RUNPATH_SEARCH_PATHS = "$(inherited) @executable_path/Frameworks @loader_path/Frameworks";
				PRODUCT_BUNDLE_IDENTIFIER = CIE.FIXIEDRONE2UITests;
				PRODUCT_NAME = "$(TARGET_NAME)";
				SWIFT_VERSION = 3.0;
				TEST_TARGET_NAME = FIXIEDRONE2;
			};
			name = Debug;
		};
		8AC94C0C1DB7A34700A6E0BF /* Release */ = {
			isa = XCBuildConfiguration;
			buildSettings = {
				ALWAYS_EMBED_SWIFT_STANDARD_LIBRARIES = YES;
				INFOPLIST_FILE = FIXIEDRONE2UITests/Info.plist;
				LD_RUNPATH_SEARCH_PATHS = "$(inherited) @executable_path/Frameworks @loader_path/Frameworks";
				PRODUCT_BUNDLE_IDENTIFIER = CIE.FIXIEDRONE2UITests;
				PRODUCT_NAME = "$(TARGET_NAME)";
				SWIFT_VERSION = 3.0;
				TEST_TARGET_NAME = FIXIEDRONE2;
			};
			name = Release;
		};
/* End XCBuildConfiguration section */

/* Begin XCConfigurationList section */
		8AC94BD71DB7A34700A6E0BF /* Build configuration list for PBXProject "FIXIEDRONE2" */ = {
			isa = XCConfigurationList;
			buildConfigurations = (
				8AC94C021DB7A34700A6E0BF /* Debug */,
				8AC94C031DB7A34700A6E0BF /* Release */,
			);
			defaultConfigurationIsVisible = 0;
			defaultConfigurationName = Release;
		};
		8AC94C041DB7A34700A6E0BF /* Build configuration list for PBXNativeTarget "FIXIEDRONE2" */ = {
			isa = XCConfigurationList;
			buildConfigurations = (
				8AC94C051DB7A34700A6E0BF /* Debug */,
				8AC94C061DB7A34700A6E0BF /* Release */,
			);
			defaultConfigurationIsVisible = 0;
		};
		8AC94C071DB7A34700A6E0BF /* Build configuration list for PBXNativeTarget "FIXIEDRONE2Tests" */ = {
			isa = XCConfigurationList;
			buildConfigurations = (
				8AC94C081DB7A34700A6E0BF /* Debug */,
				8AC94C091DB7A34700A6E0BF /* Release */,
			);
			defaultConfigurationIsVisible = 0;
		};
		8AC94C0A1DB7A34700A6E0BF /* Build configuration list for PBXNativeTarget "FIXIEDRONE2UITests" */ = {
			isa = XCConfigurationList;
			buildConfigurations = (
				8AC94C0B1DB7A34700A6E0BF /* Debug */,
				8AC94C0C1DB7A34700A6E0BF /* Release */,
			);
			defaultConfigurationIsVisible = 0;
		};
/* End XCConfigurationList section */
	};
	rootObject = 8AC94BD41DB7A34700A6E0BF /* Project object */;
}
